// !$*UTF8*$!
{
	archiveVersion = 1;
	classes = {
	};
	objectVersion = 46;
	objects = {

/* Begin PBXBuildFile section */
		5474D0DB17F4F30C005702EC /* libGPUImage.a in Frameworks */ = {isa = PBXBuildFile; fileRef = 5474D0D517F4F23E005702EC /* libGPUImage.a */; };
		5474D0DF17F5EC07005702EC /* Default-568h@2x.png in Resources */ = {isa = PBXBuildFile; fileRef = 5474D0DE17F5EC07005702EC /* Default-568h@2x.png */; };
		CA25549A1555CA7F003A1400 /* AVFoundation.framework in Frameworks */ = {isa = PBXBuildFile; fileRef = CA2554991555CA7F003A1400 /* AVFoundation.framework */; };
		CA25549D1556261C003A1400 /* CoreImage.framework in Frameworks */ = {isa = PBXBuildFile; fileRef = CA25549C1556261C003A1400 /* CoreImage.framework */; };
		CA2554A0155626A1003A1400 /* CoreMedia.framework in Frameworks */ = {isa = PBXBuildFile; fileRef = CA25549E155626A1003A1400 /* CoreMedia.framework */; };
		CA2554A1155626A1003A1400 /* CoreVideo.framework in Frameworks */ = {isa = PBXBuildFile; fileRef = CA25549F155626A1003A1400 /* CoreVideo.framework */; };
		CA25559715562F06003A1400 /* QuartzCore.framework in Frameworks */ = {isa = PBXBuildFile; fileRef = CA25559615562F06003A1400 /* QuartzCore.framework */; };
		CA25559915562F0C003A1400 /* OpenGLES.framework in Frameworks */ = {isa = PBXBuildFile; fileRef = CA25559815562F0C003A1400 /* OpenGLES.framework */; };
		CA8408D2154E70FD001C2C9D /* CoreTelephony.framework in Frameworks */ = {isa = PBXBuildFile; fileRef = CA8408D1154E70FD001C2C9D /* CoreTelephony.framework */; };
		CA8408DA154E8139001C2C9D /* icon.png in Resources */ = {isa = PBXBuildFile; fileRef = CA8408D8154E8139001C2C9D /* icon.png */; };
		CA8408DB154E8139001C2C9D /* icon@2x.png in Resources */ = {isa = PBXBuildFile; fileRef = CA8408D9154E8139001C2C9D /* icon@2x.png */; };
		CA8408DE15547CF5001C2C9D /* TextArtScrollView.m in Sources */ = {isa = PBXBuildFile; fileRef = CA8408DD15547CF5001C2C9D /* TextArtScrollView.m */; };
		CA8408E21554C45F001C2C9D /* TextArtCameraView.m in Sources */ = {isa = PBXBuildFile; fileRef = CA8408E11554C45F001C2C9D /* TextArtCameraView.m */; };
		CA8408E41554CEB7001C2C9D /* SmallCameraButton.txt in Resources */ = {isa = PBXBuildFile; fileRef = CA8408E31554CEB7001C2C9D /* SmallCameraButton.txt */; };
		CAA57B11154D9F2F00A5CF98 /* UIKit.framework in Frameworks */ = {isa = PBXBuildFile; fileRef = CAA57B10154D9F2F00A5CF98 /* UIKit.framework */; };
		CAA57B13154D9F2F00A5CF98 /* Foundation.framework in Frameworks */ = {isa = PBXBuildFile; fileRef = CAA57B12154D9F2F00A5CF98 /* Foundation.framework */; };
		CAA57B15154D9F2F00A5CF98 /* CoreGraphics.framework in Frameworks */ = {isa = PBXBuildFile; fileRef = CAA57B14154D9F2F00A5CF98 /* CoreGraphics.framework */; };
		CAA57B1B154D9F2F00A5CF98 /* InfoPlist.strings in Resources */ = {isa = PBXBuildFile; fileRef = CAA57B19154D9F2F00A5CF98 /* InfoPlist.strings */; };
		CAA57B1D154D9F2F00A5CF98 /* main.m in Sources */ = {isa = PBXBuildFile; fileRef = CAA57B1C154D9F2F00A5CF98 /* main.m */; };
		CAA57B21154D9F2F00A5CF98 /* AppDelegate.m in Sources */ = {isa = PBXBuildFile; fileRef = CAA57B20154D9F2F00A5CF98 /* AppDelegate.m */; };
		CAA57B24154D9F2F00A5CF98 /* MasterViewController.m in Sources */ = {isa = PBXBuildFile; fileRef = CAA57B23154D9F2F00A5CF98 /* MasterViewController.m */; };
		CAD00FE1154DF63900F4368A /* TextArtView.m in Sources */ = {isa = PBXBuildFile; fileRef = CAD00FE0154DF63900F4368A /* TextArtView.m */; };
		CAD00FE8154E304700F4368A /* CameraButton.txt in Resources */ = {isa = PBXBuildFile; fileRef = CAD00FE2154E304700F4368A /* CameraButton.txt */; };
		CAD00FE9154E304700F4368A /* FeedMockup.txt in Resources */ = {isa = PBXBuildFile; fileRef = CAD00FE3154E304700F4368A /* FeedMockup.txt */; };
		CAD00FEA154E304700F4368A /* Frame.txt in Resources */ = {isa = PBXBuildFile; fileRef = CAD00FE4154E304700F4368A /* Frame.txt */; };
		CAD00FEB154E304700F4368A /* Header.txt in Resources */ = {isa = PBXBuildFile; fileRef = CAD00FE5154E304700F4368A /* Header.txt */; };
		CAD00FEC154E304700F4368A /* MenuBarFrame.txt in Resources */ = {isa = PBXBuildFile; fileRef = CAD00FE6154E304700F4368A /* MenuBarFrame.txt */; };
		CAD00FED154E304700F4368A /* StatusBar.txt in Resources */ = {isa = PBXBuildFile; fileRef = CAD00FE7154E304700F4368A /* StatusBar.txt */; };
		CAD00FF0154E41BD00F4368A /* TAStatusBarView.m in Sources */ = {isa = PBXBuildFile; fileRef = CAD00FEF154E41BD00F4368A /* TAStatusBarView.m */; };
		CAEE9A3B154DA4B900AD0958 /* MainMenu.txt in Resources */ = {isa = PBXBuildFile; fileRef = CAEE9A3A154DA4B900AD0958 /* MainMenu.txt */; };
/* End PBXBuildFile section */

/* Begin PBXContainerItemProxy section */
		5474D0D417F4F23E005702EC /* PBXContainerItemProxy */ = {
			isa = PBXContainerItemProxy;
			containerPortal = 5474D0CE17F4F23D005702EC /* GPUImage.xcodeproj */;
			proxyType = 2;
			remoteGlobalIDString = BCF1A33414DDB1EC00852800;
			remoteInfo = GPUImage;
		};
		5474D0D617F4F23E005702EC /* PBXContainerItemProxy */ = {
			isa = PBXContainerItemProxy;
			containerPortal = 5474D0CE17F4F23D005702EC /* GPUImage.xcodeproj */;
			proxyType = 2;
			remoteGlobalIDString = BCF1A34414DDB1EC00852800;
			remoteInfo = GPUImageTests;
		};
		5474D0D817F4F28C005702EC /* PBXContainerItemProxy */ = {
			isa = PBXContainerItemProxy;
			containerPortal = 5474D0CE17F4F23D005702EC /* GPUImage.xcodeproj */;
			proxyType = 1;
			remoteGlobalIDString = BCF1A33314DDB1EC00852800;
			remoteInfo = GPUImage;
		};
/* End PBXContainerItemProxy section */

/* Begin PBXFileReference section */
		5474D0CE17F4F23D005702EC /* GPUImage.xcodeproj */ = {isa = PBXFileReference; lastKnownFileType = "wrapper.pb-project"; name = GPUImage.xcodeproj; path = submodules/GPUImage/framework/GPUImage.xcodeproj; sourceTree = SOURCE_ROOT; };
		5474D0DE17F5EC07005702EC /* Default-568h@2x.png */ = {isa = PBXFileReference; lastKnownFileType = image.png; name = "Default-568h@2x.png"; path = "../Default-568h@2x.png"; sourceTree = "<group>"; };
		CA2554991555CA7F003A1400 /* AVFoundation.framework */ = {isa = PBXFileReference; lastKnownFileType = wrapper.framework; name = AVFoundation.framework; path = System/Library/Frameworks/AVFoundation.framework; sourceTree = SDKROOT; };
		CA25549C1556261C003A1400 /* CoreImage.framework */ = {isa = PBXFileReference; lastKnownFileType = wrapper.framework; name = CoreImage.framework; path = System/Library/Frameworks/CoreImage.framework; sourceTree = SDKROOT; };
		CA25549E155626A1003A1400 /* CoreMedia.framework */ = {isa = PBXFileReference; lastKnownFileType = wrapper.framework; name = CoreMedia.framework; path = System/Library/Frameworks/CoreMedia.framework; sourceTree = SDKROOT; };
		CA25549F155626A1003A1400 /* CoreVideo.framework */ = {isa = PBXFileReference; lastKnownFileType = wrapper.framework; name = CoreVideo.framework; path = System/Library/Frameworks/CoreVideo.framework; sourceTree = SDKROOT; };
		CA25559615562F06003A1400 /* QuartzCore.framework */ = {isa = PBXFileReference; lastKnownFileType = wrapper.framework; name = QuartzCore.framework; path = System/Library/Frameworks/QuartzCore.framework; sourceTree = SDKROOT; };
		CA25559815562F0C003A1400 /* OpenGLES.framework */ = {isa = PBXFileReference; lastKnownFileType = wrapper.framework; name = OpenGLES.framework; path = System/Library/Frameworks/OpenGLES.framework; sourceTree = SDKROOT; };
		CA8408D1154E70FD001C2C9D /* CoreTelephony.framework */ = {isa = PBXFileReference; lastKnownFileType = wrapper.framework; name = CoreTelephony.framework; path = System/Library/Frameworks/CoreTelephony.framework; sourceTree = SDKROOT; };
		CA8408D8154E8139001C2C9D /* icon.png */ = {isa = PBXFileReference; lastKnownFileType = image.png; path = icon.png; sourceTree = "<group>"; };
		CA8408D9154E8139001C2C9D /* icon@2x.png */ = {isa = PBXFileReference; lastKnownFileType = image.png; path = "icon@2x.png"; sourceTree = "<group>"; };
		CA8408DC15547CF5001C2C9D /* TextArtScrollView.h */ = {isa = PBXFileReference; fileEncoding = 4; lastKnownFileType = sourcecode.c.h; name = TextArtScrollView.h; path = "UI Elements/TextArtScrollView.h"; sourceTree = "<group>"; };
		CA8408DD15547CF5001C2C9D /* TextArtScrollView.m */ = {isa = PBXFileReference; fileEncoding = 4; lastKnownFileType = sourcecode.c.objc; name = TextArtScrollView.m; path = "UI Elements/TextArtScrollView.m"; sourceTree = "<group>"; };
		CA8408DF1554BC93001C2C9D /* TextArtViewDelegate.h */ = {isa = PBXFileReference; lastKnownFileType = sourcecode.c.h; name = TextArtViewDelegate.h; path = "UI Elements/TextArtViewDelegate.h"; sourceTree = "<group>"; };
		CA8408E01554C45F001C2C9D /* TextArtCameraView.h */ = {isa = PBXFileReference; fileEncoding = 4; lastKnownFileType = sourcecode.c.h; name = TextArtCameraView.h; path = "UI Elements/TextArtCameraView.h"; sourceTree = "<group>"; };
		CA8408E11554C45F001C2C9D /* TextArtCameraView.m */ = {isa = PBXFileReference; fileEncoding = 4; lastKnownFileType = sourcecode.c.objc; name = TextArtCameraView.m; path = "UI Elements/TextArtCameraView.m"; sourceTree = "<group>"; };
		CA8408E31554CEB7001C2C9D /* SmallCameraButton.txt */ = {isa = PBXFileReference; fileEncoding = 4; lastKnownFileType = text; name = SmallCameraButton.txt; path = Screens/SmallCameraButton.txt; sourceTree = "<group>"; };
		CAA57B0C154D9F2F00A5CF98 /* ASCIIgram.app */ = {isa = PBXFileReference; explicitFileType = wrapper.application; includeInIndex = 0; path = ASCIIgram.app; sourceTree = BUILT_PRODUCTS_DIR; };
		CAA57B10154D9F2F00A5CF98 /* UIKit.framework */ = {isa = PBXFileReference; lastKnownFileType = wrapper.framework; name = UIKit.framework; path = System/Library/Frameworks/UIKit.framework; sourceTree = SDKROOT; };
		CAA57B12154D9F2F00A5CF98 /* Foundation.framework */ = {isa = PBXFileReference; lastKnownFileType = wrapper.framework; name = Foundation.framework; path = System/Library/Frameworks/Foundation.framework; sourceTree = SDKROOT; };
		CAA57B14154D9F2F00A5CF98 /* CoreGraphics.framework */ = {isa = PBXFileReference; lastKnownFileType = wrapper.framework; name = CoreGraphics.framework; path = System/Library/Frameworks/CoreGraphics.framework; sourceTree = SDKROOT; };
		CAA57B18154D9F2F00A5CF98 /* ASCIIgram-Info.plist */ = {isa = PBXFileReference; lastKnownFileType = text.plist.xml; path = "ASCIIgram-Info.plist"; sourceTree = "<group>"; };
		CAA57B1A154D9F2F00A5CF98 /* en */ = {isa = PBXFileReference; lastKnownFileType = text.plist.strings; name = en; path = en.lproj/InfoPlist.strings; sourceTree = "<group>"; };
		CAA57B1C154D9F2F00A5CF98 /* main.m */ = {isa = PBXFileReference; lastKnownFileType = sourcecode.c.objc; path = main.m; sourceTree = "<group>"; };
		CAA57B1E154D9F2F00A5CF98 /* ASCIIgram-Prefix.pch */ = {isa = PBXFileReference; lastKnownFileType = sourcecode.c.h; path = "ASCIIgram-Prefix.pch"; sourceTree = "<group>"; };
		CAA57B1F154D9F2F00A5CF98 /* AppDelegate.h */ = {isa = PBXFileReference; lastKnownFileType = sourcecode.c.h; path = AppDelegate.h; sourceTree = "<group>"; };
		CAA57B20154D9F2F00A5CF98 /* AppDelegate.m */ = {isa = PBXFileReference; lastKnownFileType = sourcecode.c.objc; path = AppDelegate.m; sourceTree = "<group>"; };
		CAA57B22154D9F2F00A5CF98 /* MasterViewController.h */ = {isa = PBXFileReference; lastKnownFileType = sourcecode.c.h; path = MasterViewController.h; sourceTree = "<group>"; };
		CAA57B23154D9F2F00A5CF98 /* MasterViewController.m */ = {isa = PBXFileReference; lastKnownFileType = sourcecode.c.objc; path = MasterViewController.m; sourceTree = "<group>"; };
		CAD00FDF154DF63900F4368A /* TextArtView.h */ = {isa = PBXFileReference; fileEncoding = 4; lastKnownFileType = sourcecode.c.h; name = TextArtView.h; path = "UI Elements/TextArtView.h"; sourceTree = "<group>"; };
		CAD00FE0154DF63900F4368A /* TextArtView.m */ = {isa = PBXFileReference; fileEncoding = 4; lastKnownFileType = sourcecode.c.objc; name = TextArtView.m; path = "UI Elements/TextArtView.m"; sourceTree = "<group>"; };
		CAD00FE2154E304700F4368A /* CameraButton.txt */ = {isa = PBXFileReference; fileEncoding = 4; lastKnownFileType = text; name = CameraButton.txt; path = Screens/CameraButton.txt; sourceTree = "<group>"; };
		CAD00FE3154E304700F4368A /* FeedMockup.txt */ = {isa = PBXFileReference; fileEncoding = 4; lastKnownFileType = text; name = FeedMockup.txt; path = Screens/FeedMockup.txt; sourceTree = "<group>"; };
		CAD00FE4154E304700F4368A /* Frame.txt */ = {isa = PBXFileReference; fileEncoding = 4; lastKnownFileType = text; name = Frame.txt; path = Screens/Frame.txt; sourceTree = "<group>"; };
		CAD00FE5154E304700F4368A /* Header.txt */ = {isa = PBXFileReference; fileEncoding = 4; lastKnownFileType = text; name = Header.txt; path = Screens/Header.txt; sourceTree = "<group>"; };
		CAD00FE6154E304700F4368A /* MenuBarFrame.txt */ = {isa = PBXFileReference; fileEncoding = 4; lastKnownFileType = text; name = MenuBarFrame.txt; path = Screens/MenuBarFrame.txt; sourceTree = "<group>"; };
		CAD00FE7154E304700F4368A /* StatusBar.txt */ = {isa = PBXFileReference; fileEncoding = 4; lastKnownFileType = text; name = StatusBar.txt; path = Screens/StatusBar.txt; sourceTree = "<group>"; };
		CAD00FEE154E41BD00F4368A /* TAStatusBarView.h */ = {isa = PBXFileReference; fileEncoding = 4; lastKnownFileType = sourcecode.c.h; name = TAStatusBarView.h; path = "UI Elements/TAStatusBarView.h"; sourceTree = "<group>"; };
		CAD00FEF154E41BD00F4368A /* TAStatusBarView.m */ = {isa = PBXFileReference; fileEncoding = 4; lastKnownFileType = sourcecode.c.objc; name = TAStatusBarView.m; path = "UI Elements/TAStatusBarView.m"; sourceTree = "<group>"; };
		CAEE9A3A154DA4B900AD0958 /* MainMenu.txt */ = {isa = PBXFileReference; fileEncoding = 4; lastKnownFileType = text; name = MainMenu.txt; path = Screens/MainMenu.txt; sourceTree = "<group>"; };
/* End PBXFileReference section */

/* Begin PBXFrameworksBuildPhase section */
		CAA57B09154D9F2F00A5CF98 /* Frameworks */ = {
			isa = PBXFrameworksBuildPhase;
			buildActionMask = 2147483647;
			files = (
				5474D0DB17F4F30C005702EC /* libGPUImage.a in Frameworks */,
				CA25559915562F0C003A1400 /* OpenGLES.framework in Frameworks */,
				CA25559715562F06003A1400 /* QuartzCore.framework in Frameworks */,
				CA2554A0155626A1003A1400 /* CoreMedia.framework in Frameworks */,
				CA2554A1155626A1003A1400 /* CoreVideo.framework in Frameworks */,
				CA25549D1556261C003A1400 /* CoreImage.framework in Frameworks */,
				CA25549A1555CA7F003A1400 /* AVFoundation.framework in Frameworks */,
				CA8408D2154E70FD001C2C9D /* CoreTelephony.framework in Frameworks */,
				CAA57B11154D9F2F00A5CF98 /* UIKit.framework in Frameworks */,
				CAA57B13154D9F2F00A5CF98 /* Foundation.framework in Frameworks */,
				CAA57B15154D9F2F00A5CF98 /* CoreGraphics.framework in Frameworks */,
			);
			runOnlyForDeploymentPostprocessing = 0;
		};
/* End PBXFrameworksBuildPhase section */

/* Begin PBXGroup section */
		5474D0CF17F4F23D005702EC /* Products */ = {
			isa = PBXGroup;
			children = (
				5474D0D517F4F23E005702EC /* libGPUImage.a */,
				5474D0D717F4F23E005702EC /* GPUImageTests.octest */,
			);
			name = Products;
			sourceTree = "<group>";
		};
		CA2554A215562E8C003A1400 /* Third Party */ = {
			isa = PBXGroup;
			children = (
				5474D0CE17F4F23D005702EC /* GPUImage.xcodeproj */,
			);
			name = "Third Party";
			sourceTree = "<group>";
		};
		CAA57B01154D9F2F00A5CF98 = {
			isa = PBXGroup;
			children = (
				CAA57B16154D9F2F00A5CF98 /* ASCIIgram */,
				CAA57B0F154D9F2F00A5CF98 /* Frameworks */,
				CAA57B0D154D9F2F00A5CF98 /* Products */,
			);
			sourceTree = "<group>";
		};
		CAA57B0D154D9F2F00A5CF98 /* Products */ = {
			isa = PBXGroup;
			children = (
				CAA57B0C154D9F2F00A5CF98 /* ASCIIgram.app */,
			);
			name = Products;
			sourceTree = "<group>";
		};
		CAA57B0F154D9F2F00A5CF98 /* Frameworks */ = {
			isa = PBXGroup;
			children = (
				CA25559815562F0C003A1400 /* OpenGLES.framework */,
				CA25559615562F06003A1400 /* QuartzCore.framework */,
				CA25549E155626A1003A1400 /* CoreMedia.framework */,
				CA25549F155626A1003A1400 /* CoreVideo.framework */,
				CA25549C1556261C003A1400 /* CoreImage.framework */,
				CA2554991555CA7F003A1400 /* AVFoundation.framework */,
				CA8408D1154E70FD001C2C9D /* CoreTelephony.framework */,
				CAA57B10154D9F2F00A5CF98 /* UIKit.framework */,
				CAA57B12154D9F2F00A5CF98 /* Foundation.framework */,
				CAA57B14154D9F2F00A5CF98 /* CoreGraphics.framework */,
			);
			name = Frameworks;
			sourceTree = "<group>";
		};
		CAA57B16154D9F2F00A5CF98 /* ASCIIgram */ = {
			isa = PBXGroup;
			children = (
				CA2554A215562E8C003A1400 /* Third Party */,
				CAD00FDD154DF61900F4368A /* UI Elements */,
				CAEE9A3D154DA4BF00AD0958 /* Screens */,
				CAA57B1F154D9F2F00A5CF98 /* AppDelegate.h */,
				CAA57B20154D9F2F00A5CF98 /* AppDelegate.m */,
				CAA57B22154D9F2F00A5CF98 /* MasterViewController.h */,
				CAA57B23154D9F2F00A5CF98 /* MasterViewController.m */,
				CAA57B17154D9F2F00A5CF98 /* Supporting Files */,
			);
			path = ASCIIgram;
			sourceTree = "<group>";
		};
		CAA57B17154D9F2F00A5CF98 /* Supporting Files */ = {
			isa = PBXGroup;
			children = (
				5474D0DE17F5EC07005702EC /* Default-568h@2x.png */,
				CA8408D8154E8139001C2C9D /* icon.png */,
				CA8408D9154E8139001C2C9D /* icon@2x.png */,
				CAA57B18154D9F2F00A5CF98 /* ASCIIgram-Info.plist */,
				CAA57B19154D9F2F00A5CF98 /* InfoPlist.strings */,
				CAA57B1C154D9F2F00A5CF98 /* main.m */,
				CAA57B1E154D9F2F00A5CF98 /* ASCIIgram-Prefix.pch */,
			);
			name = "Supporting Files";
			sourceTree = "<group>";
		};
		CAD00FDD154DF61900F4368A /* UI Elements */ = {
			isa = PBXGroup;
			children = (
				CAD00FDF154DF63900F4368A /* TextArtView.h */,
				CAD00FE0154DF63900F4368A /* TextArtView.m */,
				CAD00FEE154E41BD00F4368A /* TAStatusBarView.h */,
				CAD00FEF154E41BD00F4368A /* TAStatusBarView.m */,
				CA8408DC15547CF5001C2C9D /* TextArtScrollView.h */,
				CA8408DD15547CF5001C2C9D /* TextArtScrollView.m */,
				CA8408DF1554BC93001C2C9D /* TextArtViewDelegate.h */,
				CA8408E01554C45F001C2C9D /* TextArtCameraView.h */,
				CA8408E11554C45F001C2C9D /* TextArtCameraView.m */,
			);
			name = "UI Elements";
			sourceTree = "<group>";
		};
		CAEE9A3D154DA4BF00AD0958 /* Screens */ = {
			isa = PBXGroup;
			children = (
				CA8408E31554CEB7001C2C9D /* SmallCameraButton.txt */,
				CAD00FE2154E304700F4368A /* CameraButton.txt */,
				CAD00FE3154E304700F4368A /* FeedMockup.txt */,
				CAD00FE4154E304700F4368A /* Frame.txt */,
				CAD00FE5154E304700F4368A /* Header.txt */,
				CAD00FE6154E304700F4368A /* MenuBarFrame.txt */,
				CAD00FE7154E304700F4368A /* StatusBar.txt */,
				CAEE9A3A154DA4B900AD0958 /* MainMenu.txt */,
			);
			name = Screens;
			sourceTree = "<group>";
		};
/* End PBXGroup section */

/* Begin PBXNativeTarget section */
		CAA57B0B154D9F2F00A5CF98 /* ASCIIgram */ = {
			isa = PBXNativeTarget;
			buildConfigurationList = CAA57B2A154D9F3000A5CF98 /* Build configuration list for PBXNativeTarget "ASCIIgram" */;
			buildPhases = (
				CAA57B08154D9F2F00A5CF98 /* Sources */,
				CAA57B09154D9F2F00A5CF98 /* Frameworks */,
				CAA57B0A154D9F2F00A5CF98 /* Resources */,
			);
			buildRules = (
			);
			dependencies = (
				5474D0D917F4F28C005702EC /* PBXTargetDependency */,
			);
			name = ASCIIgram;
			productName = ASCIIgram;
			productReference = CAA57B0C154D9F2F00A5CF98 /* ASCIIgram.app */;
			productType = "com.apple.product-type.application";
		};
/* End PBXNativeTarget section */

/* Begin PBXProject section */
		CAA57B03154D9F2F00A5CF98 /* Project object */ = {
			isa = PBXProject;
			attributes = {
				LastUpgradeCheck = 0420;
				ORGANIZATIONNAME = "Meedeor, LLC";
			};
			buildConfigurationList = CAA57B06154D9F2F00A5CF98 /* Build configuration list for PBXProject "ASCIIgram" */;
			compatibilityVersion = "Xcode 3.2";
			developmentRegion = English;
			hasScannedForEncodings = 0;
			knownRegions = (
				en,
			);
			mainGroup = CAA57B01154D9F2F00A5CF98;
			productRefGroup = CAA57B0D154D9F2F00A5CF98 /* Products */;
			projectDirPath = "";
			projectReferences = (
				{
					ProductGroup = 5474D0CF17F4F23D005702EC /* Products */;
					ProjectRef = 5474D0CE17F4F23D005702EC /* GPUImage.xcodeproj */;
				},
			);
			projectRoot = "";
			targets = (
				CAA57B0B154D9F2F00A5CF98 /* ASCIIgram */,
			);
		};
/* End PBXProject section */

/* Begin PBXReferenceProxy section */
		5474D0D517F4F23E005702EC /* libGPUImage.a */ = {
			isa = PBXReferenceProxy;
			fileType = archive.ar;
			path = libGPUImage.a;
			remoteRef = 5474D0D417F4F23E005702EC /* PBXContainerItemProxy */;
			sourceTree = BUILT_PRODUCTS_DIR;
		};
		5474D0D717F4F23E005702EC /* GPUImageTests.octest */ = {
			isa = PBXReferenceProxy;
			fileType = wrapper.cfbundle;
			path = GPUImageTests.octest;
			remoteRef = 5474D0D617F4F23E005702EC /* PBXContainerItemProxy */;
			sourceTree = BUILT_PRODUCTS_DIR;
		};
/* End PBXReferenceProxy section */

/* Begin PBXResourcesBuildPhase section */
		CAA57B0A154D9F2F00A5CF98 /* Resources */ = {
			isa = PBXResourcesBuildPhase;
			buildActionMask = 2147483647;
			files = (
				CAA57B1B154D9F2F00A5CF98 /* InfoPlist.strings in Resources */,
				CAEE9A3B154DA4B900AD0958 /* MainMenu.txt in Resources */,
				CAD00FE8154E304700F4368A /* CameraButton.txt in Resources */,
				CAD00FE9154E304700F4368A /* FeedMockup.txt in Resources */,
				CAD00FEA154E304700F4368A /* Frame.txt in Resources */,
				5474D0DF17F5EC07005702EC /* Default-568h@2x.png in Resources */,
				CAD00FEB154E304700F4368A /* Header.txt in Resources */,
				CAD00FEC154E304700F4368A /* MenuBarFrame.txt in Resources */,
				CAD00FED154E304700F4368A /* StatusBar.txt in Resources */,
				CA8408DA154E8139001C2C9D /* icon.png in Resources */,
				CA8408DB154E8139001C2C9D /* icon@2x.png in Resources */,
				CA8408E41554CEB7001C2C9D /* SmallCameraButton.txt in Resources */,
			);
			runOnlyForDeploymentPostprocessing = 0;
		};
/* End PBXResourcesBuildPhase section */

/* Begin PBXSourcesBuildPhase section */
		CAA57B08154D9F2F00A5CF98 /* Sources */ = {
			isa = PBXSourcesBuildPhase;
			buildActionMask = 2147483647;
			files = (
				CAA57B1D154D9F2F00A5CF98 /* main.m in Sources */,
				CAA57B21154D9F2F00A5CF98 /* AppDelegate.m in Sources */,
				CAA57B24154D9F2F00A5CF98 /* MasterViewController.m in Sources */,
				CAD00FE1154DF63900F4368A /* TextArtView.m in Sources */,
				CAD00FF0154E41BD00F4368A /* TAStatusBarView.m in Sources */,
				CA8408DE15547CF5001C2C9D /* TextArtScrollView.m in Sources */,
				CA8408E21554C45F001C2C9D /* TextArtCameraView.m in Sources */,
			);
			runOnlyForDeploymentPostprocessing = 0;
		};
/* End PBXSourcesBuildPhase section */

/* Begin PBXTargetDependency section */
		5474D0D917F4F28C005702EC /* PBXTargetDependency */ = {
			isa = PBXTargetDependency;
			name = GPUImage;
			targetProxy = 5474D0D817F4F28C005702EC /* PBXContainerItemProxy */;
		};
/* End PBXTargetDependency section */

/* Begin PBXVariantGroup section */
		CAA57B19154D9F2F00A5CF98 /* InfoPlist.strings */ = {
			isa = PBXVariantGroup;
			children = (
				CAA57B1A154D9F2F00A5CF98 /* en */,
			);
			name = InfoPlist.strings;
			sourceTree = "<group>";
		};
/* End PBXVariantGroup section */

/* Begin XCBuildConfiguration section */
		CAA57B28154D9F3000A5CF98 /* Debug */ = {
			isa = XCBuildConfiguration;
			buildSettings = {
				ALWAYS_SEARCH_USER_PATHS = NO;
				ARCHS = "$(ARCHS_STANDARD_32_BIT)";
				"CODE_SIGN_IDENTITY[sdk=iphoneos*]" = "iPhone Developer";
				COPY_PHASE_STRIP = NO;
				GCC_C_LANGUAGE_STANDARD = gnu99;
				GCC_DYNAMIC_NO_PIC = NO;
				GCC_OPTIMIZATION_LEVEL = 0;
				GCC_PREPROCESSOR_DEFINITIONS = (
					"DEBUG=1",
					"$(inherited)",
				);
				GCC_SYMBOLS_PRIVATE_EXTERN = NO;
				GCC_VERSION = com.apple.compilers.llvm.clang.1_0;
				GCC_WARN_ABOUT_MISSING_PROTOTYPES = YES;
				GCC_WARN_ABOUT_RETURN_TYPE = YES;
				GCC_WARN_UNUSED_VARIABLE = YES;
				IPHONEOS_DEPLOYMENT_TARGET = 5.0;
				SDKROOT = iphoneos;
			};
			name = Debug;
		};
		CAA57B29154D9F3000A5CF98 /* Release */ = {
			isa = XCBuildConfiguration;
			buildSettings = {
				ALWAYS_SEARCH_USER_PATHS = NO;
				ARCHS = "$(ARCHS_STANDARD_32_BIT)";
				"CODE_SIGN_IDENTITY[sdk=iphoneos*]" = "iPhone Developer";
				COPY_PHASE_STRIP = YES;
				GCC_C_LANGUAGE_STANDARD = gnu99;
				GCC_VERSION = com.apple.compilers.llvm.clang.1_0;
				GCC_WARN_ABOUT_MISSING_PROTOTYPES = YES;
				GCC_WARN_ABOUT_RETURN_TYPE = YES;
				GCC_WARN_UNUSED_VARIABLE = YES;
				IPHONEOS_DEPLOYMENT_TARGET = 5.0;
				OTHER_CFLAGS = "-DNS_BLOCK_ASSERTIONS=1";
				SDKROOT = iphoneos;
				VALIDATE_PRODUCT = YES;
			};
			name = Release;
		};
		CAA57B2B154D9F3000A5CF98 /* Debug */ = {
			isa = XCBuildConfiguration;
			buildSettings = {
				CLANG_ENABLE_OBJC_ARC = YES;
				GCC_PRECOMPILE_PREFIX_HEADER = YES;
				GCC_PREFIX_HEADER = "ASCIIgram/ASCIIgram-Prefix.pch";
				HEADER_SEARCH_PATHS = (
					"$(inherited)",
					/Applications/Xcode.app/Contents/Developer/Toolchains/XcodeDefault.xctoolchain/usr/include,
					"$(SRCROOT)/submodules/**",
				);
				INFOPLIST_FILE = "ASCIIgram/ASCIIgram-Info.plist";
				PRODUCT_NAME = "$(TARGET_NAME)";
				WRAPPER_EXTENSION = app;
			};
			name = Debug;
		};
		CAA57B2C154D9F3000A5CF98 /* Release */ = {
			isa = XCBuildConfiguration;
			buildSettings = {
				CLANG_ENABLE_OBJC_ARC = YES;
				GCC_PRECOMPILE_PREFIX_HEADER = YES;
				GCC_PREFIX_HEADER = "ASCIIgram/ASCIIgram-Prefix.pch";
				HEADER_SEARCH_PATHS = (
					"$(inherited)",
					/Applications/Xcode.app/Contents/Developer/Toolchains/XcodeDefault.xctoolchain/usr/include,
					"$(SRCROOT)/submodules/**",
				);
				INFOPLIST_FILE = "ASCIIgram/ASCIIgram-Info.plist";
				PRODUCT_NAME = "$(TARGET_NAME)";
				WRAPPER_EXTENSION = app;
			};
			name = Release;
		};
/* End XCBuildConfiguration section */

/* Begin XCConfigurationList section */
		CAA57B06154D9F2F00A5CF98 /* Build configuration list for PBXProject "ASCIIgram" */ = {
			isa = XCConfigurationList;
			buildConfigurations = (
				CAA57B28154D9F3000A5CF98 /* Debug */,
				CAA57B29154D9F3000A5CF98 /* Release */,
			);
			defaultConfigurationIsVisible = 0;
			defaultConfigurationName = Release;
		};
		CAA57B2A154D9F3000A5CF98 /* Build configuration list for PBXNativeTarget "ASCIIgram" */ = {
			isa = XCConfigurationList;
			buildConfigurations = (
				CAA57B2B154D9F3000A5CF98 /* Debug */,
				CAA57B2C154D9F3000A5CF98 /* Release */,
			);
			defaultConfigurationIsVisible = 0;
			defaultConfigurationName = Release;
		};
/* End XCConfigurationList section */
	};
	rootObject = CAA57B03154D9F2F00A5CF98 /* Project object */;
}
